
Microsoft Visual Studio Solution File, Format Version 12.00
# Visual Studio Version 17
VisualStudioVersion = 17.6.33829.357
MinimumVisualStudioVersion = 10.0.40219.1
Project("{FAE04EC0-301F-11D3-BF4B-00C04F79EFBC}") = "LoginBlazorWeb", "LoginBlazorWeb.csproj", "{8A082463-A455-4E43-AF33-8F8A5D81B394}"
EndProject
Global
	GlobalSection(SolutionConfigurationPlatforms) = preSolution
		Debug|Any CPU = Debug|Any CPU
		Release|Any CPU = Release|Any CPU
	EndGlobalSection
	GlobalSection(ProjectConfigurationPlatforms) = postSolution
		{8A082463-A455-4E43-AF33-8F8A5D81B394}.Debug|Any CPU.ActiveCfg = Debug|Any CPU
		{8A082463-A455-4E43-AF33-8F8A5D81B394}.Debug|Any CPU.Build.0 = Debug|Any CPU
		{8A082463-A455-4E43-AF33-8F8A5D81B394}.Release|Any CPU.ActiveCfg = Release|Any CPU
		{8A082463-A455-4E43-AF33-8F8A5D81B394}.Release|Any CPU.Build.0 = Release|Any CPU
	EndGlobalSection
	GlobalSection(SolutionProperties) = preSolution
		HideSolutionNode = FALSE
	EndGlobalSection
	GlobalSection(ExtensibilityGlobals) = postSolution
		SolutionGuid = {343AAC4D-320A-479C-9819-2DF555CDBD23}
	EndGlobalSection
EndGlobal
